// !$*UTF8*$!
{
	archiveVersion = 1;
	classes = {
	};
	objectVersion = 50;
	objects = {

/* Begin PBXBuildFile section */
		04F146F4214B5D0900D86EDB /* main.m in Sources */ = {isa = PBXBuildFile; fileRef = 04F146F3214B5D0900D86EDB /* main.m */; };
		04F146FE214B5D6600D86EDB /* AbstractMediator.m in Sources */ = {isa = PBXBuildFile; fileRef = 04F146FD214B5D6600D86EDB /* AbstractMediator.m */; };
		04F14701214B5D7800D86EDB /* AbstractColleague.m in Sources */ = {isa = PBXBuildFile; fileRef = 04F14700214B5D7800D86EDB /* AbstractColleague.m */; };
		04F14704214B610F00D86EDB /* ConcreteMediator.m in Sources */ = {isa = PBXBuildFile; fileRef = 04F14703214B610F00D86EDB /* ConcreteMediator.m */; };
		04F14708214B650900D86EDB /* Buyer.m in Sources */ = {isa = PBXBuildFile; fileRef = 04F14707214B650900D86EDB /* Buyer.m */; };
		04F1470B214B652200D86EDB /* Seller.m in Sources */ = {isa = PBXBuildFile; fileRef = 04F1470A214B652200D86EDB /* Seller.m */; };
/* End PBXBuildFile section */

/* Begin PBXCopyFilesBuildPhase section */
		04F146EE214B5D0900D86EDB /* CopyFiles */ = {
			isa = PBXCopyFilesBuildPhase;
			buildActionMask = 2147483647;
			dstPath = /usr/share/man/man1/;
			dstSubfolderSpec = 0;
			files = (
			);
			runOnlyForDeploymentPostprocessing = 1;
		};
/* End PBXCopyFilesBuildPhase section */

/* Begin PBXFileReference section */
		04F146F0214B5D0900D86EDB /* Buy&SellHouse */ = {isa = PBXFileReference; explicitFileType = "compiled.mach-o.executable"; includeInIndex = 0; path = "Buy&SellHouse"; sourceTree = BUILT_PRODUCTS_DIR; };
		04F146F3214B5D0900D86EDB /* main.m */ = {isa = PBXFileReference; lastKnownFileType = sourcecode.c.objc; path = main.m; sourceTree = "<group>"; };
		04F146FC214B5D6600D86EDB /* AbstractMediator.h */ = {isa = PBXFileReference; lastKnownFileType = sourcecode.c.h; path = AbstractMediator.h; sourceTree = "<group>"; };
		04F146FD214B5D6600D86EDB /* AbstractMediator.m */ = {isa = PBXFileReference; lastKnownFileType = sourcecode.c.objc; path = AbstractMediator.m; sourceTree = "<group>"; };
		04F146FF214B5D7800D86EDB /* AbstractColleague.h */ = {isa = PBXFileReference; lastKnownFileType = sourcecode.c.h; path = AbstractColleague.h; sourceTree = "<group>"; };
		04F14700214B5D7800D86EDB /* AbstractColleague.m */ = {isa = PBXFileReference; lastKnownFileType = sourcecode.c.objc; path = AbstractColleague.m; sourceTree = "<group>"; };
		04F14703214B610F00D86EDB /* ConcreteMediator.m */ = {isa = PBXFileReference; lastKnownFileType = sourcecode.c.objc; path = ConcreteMediator.m; sourceTree = "<group>"; };
		04F14705214B616A00D86EDB /* ConcreteMediator.h */ = {isa = PBXFileReference; fileEncoding = 4; lastKnownFileType = sourcecode.c.h; path = ConcreteMediator.h; sourceTree = "<group>"; };
		04F14706214B650900D86EDB /* Buyer.h */ = {isa = PBXFileReference; lastKnownFileType = sourcecode.c.h; path = Buyer.h; sourceTree = "<group>"; };
		04F14707214B650900D86EDB /* Buyer.m */ = {isa = PBXFileReference; lastKnownFileType = sourcecode.c.objc; path = Buyer.m; sourceTree = "<group>"; };
		04F14709214B652200D86EDB /* Seller.h */ = {isa = PBXFileReference; lastKnownFileType = sourcecode.c.h; path = Seller.h; sourceTree = "<group>"; };
		04F1470A214B652200D86EDB /* Seller.m */ = {isa = PBXFileReference; lastKnownFileType = sourcecode.c.objc; path = Seller.m; sourceTree = "<group>"; };
/* End PBXFileReference section */

/* Begin PBXFrameworksBuildPhase section */
		04F146ED214B5D0900D86EDB /* Frameworks */ = {
			isa = PBXFrameworksBuildPhase;
			buildActionMask = 2147483647;
			files = (
			);
			runOnlyForDeploymentPostprocessing = 0;
		};
/* End PBXFrameworksBuildPhase section */

/* Begin PBXGroup section */
		04F146E7214B5D0900D86EDB = {
			isa = PBXGroup;
			children = (
				04F146F2214B5D0900D86EDB /* Buy&SellHouse */,
				04F146F1214B5D0900D86EDB /* Products */,
			);
			sourceTree = "<group>";
		};
		04F146F1214B5D0900D86EDB /* Products */ = {
			isa = PBXGroup;
			children = (
				04F146F0214B5D0900D86EDB /* Buy&SellHouse */,
			);
			name = Products;
			sourceTree = "<group>";
		};
		04F146F2214B5D0900D86EDB /* Buy&SellHouse */ = {
			isa = PBXGroup;
			children = (
				04F146FB214B5D2700D86EDB /* Colleague */,
				04F146FA214B5D1E00D86EDB /* Mediator */,
				04F146F3214B5D0900D86EDB /* main.m */,
			);
			path = "Buy&SellHouse";
			sourceTree = "<group>";
		};
		04F146FA214B5D1E00D86EDB /* Mediator */ = {
			isa = PBXGroup;
			children = (
				04F146FC214B5D6600D86EDB /* AbstractMediator.h */,
				04F146FD214B5D6600D86EDB /* AbstractMediator.m */,
				04F14705214B616A00D86EDB /* ConcreteMediator.h */,
				04F14703214B610F00D86EDB /* ConcreteMediator.m */,
			);
			path = Mediator;
			sourceTree = "<group>";
		};
		04F146FB214B5D2700D86EDB /* Colleague */ = {
			isa = PBXGroup;
			children = (
				04F146FF214B5D7800D86EDB /* AbstractColleague.h */,
				04F14700214B5D7800D86EDB /* AbstractColleague.m */,
				04F14706214B650900D86EDB /* Buyer.h */,
				04F14707214B650900D86EDB /* Buyer.m */,
				04F14709214B652200D86EDB /* Seller.h */,
				04F1470A214B652200D86EDB /* Seller.m */,
			);
			path = Colleague;
			sourceTree = "<group>";
		};
/* End PBXGroup section */

/* Begin PBXNativeTarget section */
		04F146EF214B5D0900D86EDB /* Buy&SellHouse */ = {
			isa = PBXNativeTarget;
			buildConfigurationList = 04F146F7214B5D0900D86EDB /* Build configuration list for PBXNativeTarget "Buy&SellHouse" */;
			buildPhases = (
				04F146EC214B5D0900D86EDB /* Sources */,
				04F146ED214B5D0900D86EDB /* Frameworks */,
				04F146EE214B5D0900D86EDB /* CopyFiles */,
			);
			buildRules = (
			);
			dependencies = (
			);
			name = "Buy&SellHouse";
			productName = "Buy&SellHouse";
			productReference = 04F146F0214B5D0900D86EDB /* Buy&SellHouse */;
			productType = "com.apple.product-type.tool";
		};
/* End PBXNativeTarget section */

/* Begin PBXProject section */
		04F146E8214B5D0900D86EDB /* Project object */ = {
			isa = PBXProject;
			attributes = {
				LastUpgradeCheck = 0940;
				ORGANIZATIONNAME = jiji;
				TargetAttributes = {
					04F146EF214B5D0900D86EDB = {
						CreatedOnToolsVersion = 9.4.1;
					};
				};
			};
			buildConfigurationList = 04F146EB214B5D0900D86EDB /* Build configuration list for PBXProject "Buy&SellHouse" */;
			compatibilityVersion = "Xcode 9.3";
			developmentRegion = en;
			hasScannedForEncodings = 0;
			knownRegions = (
				en,
			);
			mainGroup = 04F146E7214B5D0900D86EDB;
			productRefGroup = 04F146F1214B5D0900D86EDB /* Products */;
			projectDirPath = "";
			projectRoot = "";
			targets = (
				04F146EF214B5D0900D86EDB /* Buy&SellHouse */,
			);
		};
/* End PBXProject section */

/* Begin PBXSourcesBuildPhase section */
		04F146EC214B5D0900D86EDB /* Sources */ = {
			isa = PBXSourcesBuildPhase;
			buildActionMask = 2147483647;
			files = (
				04F146FE214B5D6600D86EDB /* AbstractMediator.m in Sources */,
				04F14708214B650900D86EDB /* Buyer.m in Sources */,
				04F14704214B610F00D86EDB /* ConcreteMediator.m in Sources */,
				04F14701214B5D7800D86EDB /* AbstractColleague.m in Sources */,
				04F1470B214B652200D86EDB /* Seller.m in Sources */,
				04F146F4214B5D0900D86EDB /* main.m in Sources */,
			);
			runOnlyForDeploymentPostprocessing = 0;
		};
/* End PBXSourcesBuildPhase section */

/* Begin XCBuildConfiguration section */
		04F146F5214B5D0900D86EDB /* Debug */ = {
			isa = XCBuildConfiguration;
			buildSettings = {
				ALWAYS_SEARCH_USER_PATHS = NO;
				CLANG_ANALYZER_NONNULL = YES;
				CLANG_ANALYZER_NUMBER_OBJECT_CONVERSION = YES_AGGRESSIVE;
				CLANG_CXX_LANGUAGE_STANDARD = "gnu++14";
				CLANG_CXX_LIBRARY = "libc++";
				CLANG_ENABLE_MODULES = YES;
				CLANG_ENABLE_OBJC_ARC = YES;
				CLANG_ENABLE_OBJC_WEAK = YES;
				CLANG_WARN_BLOCK_CAPTURE_AUTORELEASING = YES;
				CLANG_WARN_BOOL_CONVERSION = YES;
				CLANG_WARN_COMMA = YES;
				CLANG_WARN_CONSTANT_CONVERSION = YES;
				CLANG_WARN_DEPRECATED_OBJC_IMPLEMENTATIONS = YES;
				CLANG_WARN_DIRECT_OBJC_ISA_USAGE = YES_ERROR;
				CLANG_WARN_DOCUMENTATION_COMMENTS = YES;
				CLANG_WARN_EMPTY_BODY = YES;
				CLANG_WARN_ENUM_CONVERSION = YES;
				CLANG_WARN_INFINITE_RECURSION = YES;
				CLANG_WARN_INT_CONVERSION = YES;
				CLANG_WARN_NON_LITERAL_NULL_CONVERSION = YES;
				CLANG_WARN_OBJC_IMPLICIT_RETAIN_SELF = YES;
				CLANG_WARN_OBJC_LITERAL_CONVERSION = YES;
				CLANG_WARN_OBJC_ROOT_CLASS = YES_ERROR;
				CLANG_WARN_RANGE_LOOP_ANALYSIS = YES;
				CLANG_WARN_STRICT_PROTOTYPES = YES;
				CLANG_WARN_SUSPICIOUS_MOVE = YES;
				CLANG_WARN_UNGUARDED_AVAILABILITY = YES_AGGRESSIVE;
				CLANG_WARN_UNREACHABLE_CODE = YES;
				CLANG_WARN__DUPLICATE_METHOD_MATCH = YES;
				CODE_SIGN_IDENTITY = "Mac Developer";
				COPY_PHASE_STRIP = NO;
				DEBUG_INFORMATION_FORMAT = dwarf;
				ENABLE_STRICT_OBJC_MSGSEND = YES;
				ENABLE_TESTABILITY = YES;
				GCC_C_LANGUAGE_STANDARD = gnu11;
				GCC_DYNAMIC_NO_PIC = NO;
				GCC_NO_COMMON_BLOCKS = YES;
				GCC_OPTIMIZATION_LEVEL = 0;
				GCC_PREPROCESSOR_DEFINITIONS = (
					"DEBUG=1",
					"$(inherited)",
				);
				GCC_WARN_64_TO_32_BIT_CONVERSION = YES;
				GCC_WARN_ABOUT_RETURN_TYPE = YES_ERROR;
				GCC_WARN_UNDECLARED_SELECTOR = YES;
				GCC_WARN_UNINITIALIZED_AUTOS = YES_AGGRESSIVE;
				GCC_WARN_UNUSED_FUNCTION = YES;
				GCC_WARN_UNUSED_VARIABLE = YES;
				MACOSX_DEPLOYMENT_TARGET = 10.13;
				MTL_ENABLE_DEBUG_INFO = YES;
				ONLY_ACTIVE_ARCH = YES;
				SDKROOT = macosx;
			};
			name = Debug;
		};
		04F146F6214B5D0900D86EDB /* Release */ = {
			isa = XCBuildConfiguration;
			buildSettings = {
				ALWAYS_SEARCH_USER_PATHS = NO;
				CLANG_ANALYZER_NONNULL = YES;
				CLANG_ANALYZER_NUMBER_OBJECT_CONVERSION = YES_AGGRESSIVE;
				CLANG_CXX_LANGUAGE_STANDARD = "gnu++14";
				CLANG_CXX_LIBRARY = "libc++";
				CLANG_ENABLE_MODULES = YES;
				CLANG_ENABLE_OBJC_ARC = YES;
				CLANG_ENABLE_OBJC_WEAK = YES;
				CLANG_WARN_BLOCK_CAPTURE_AUTORELEASING = YES;
				CLANG_WARN_BOOL_CONVERSION = YES;
				CLANG_WARN_COMMA = YES;
				CLANG_WARN_CONSTANT_CONVERSION = YES;
				CLANG_WARN_DEPRECATED_OBJC_IMPLEMENTATIONS = YES;
				CLANG_WARN_DIRECT_OBJC_ISA_USAGE = YES_ERROR;
				CLANG_WARN_DOCUMENTATION_COMMENTS = YES;
				CLANG_WARN_EMPTY_BODY = YES;
				CLANG_WARN_ENUM_CONVERSION = YES;
				CLANG_WARN_INFINITE_RECURSION = YES;
				CLANG_WARN_INT_CONVERSION = YES;
				CLANG_WARN_NON_LITERAL_NULL_CONVERSION = YES;
				CLANG_WARN_OBJC_IMPLICIT_RETAIN_SELF = YES;
				CLANG_WARN_OBJC_LITERAL_CONVERSION = YES;
				CLANG_WARN_OBJC_ROOT_CLASS = YES_ERROR;
				CLANG_WARN_RANGE_LOOP_ANALYSIS = YES;
				CLANG_WARN_STRICT_PROTOTYPES = YES;
				CLANG_WARN_SUSPICIOUS_MOVE = YES;
				CLANG_WARN_UNGUARDED_AVAILABILITY = YES_AGGRESSIVE;
				CLANG_WARN_UNREACHABLE_CODE = YES;
				CLANG_WARN__DUPLICATE_METHOD_MATCH = YES;
				CODE_SIGN_IDENTITY = "Mac Developer";
				COPY_PHASE_STRIP = NO;
				DEBUG_INFORMATION_FORMAT = "dwarf-with-dsym";
				ENABLE_NS_ASSERTIONS = NO;
				ENABLE_STRICT_OBJC_MSGSEND = YES;
				GCC_C_LANGUAGE_STANDARD = gnu11;
				GCC_NO_COMMON_BLOCKS = YES;
				GCC_WARN_64_TO_32_BIT_CONVERSION = YES;
				GCC_WARN_ABOUT_RETURN_TYPE = YES_ERROR;
				GCC_WARN_UNDECLARED_SELECTOR = YES;
				GCC_WARN_UNINITIALIZED_AUTOS = YES_AGGRESSIVE;
				GCC_WARN_UNUSED_FUNCTION = YES;
				GCC_WARN_UNUSED_VARIABLE = YES;
				MACOSX_DEPLOYMENT_TARGET = 10.13;
				MTL_ENABLE_DEBUG_INFO = NO;
				SDKROOT = macosx;
			};
			name = Release;
		};
		04F146F8214B5D0900D86EDB /* Debug */ = {
			isa = XCBuildConfiguration;
			buildSettings = {
				CODE_SIGN_STYLE = Automatic;
				DEVELOPMENT_TEAM = 8NH253YJV6;
				PRODUCT_NAME = "$(TARGET_NAME)";
			};
			name = Debug;
		};
		04F146F9214B5D0900D86EDB /* Release */ = {
			isa = XCBuildConfiguration;
			buildSettings = {
				CODE_SIGN_STYLE = Automatic;
				DEVELOPMENT_TEAM = 8NH253YJV6;
				PRODUCT_NAME = "$(TARGET_NAME)";
			};
			name = Release;
		};
/* End XCBuildConfiguration section */

/* Begin XCConfigurationList section */
		04F146EB214B5D0900D86EDB /* Build configuration list for PBXProject "Buy&SellHouse" */ = {
			isa = XCConfigurationList;
			buildConfigurations = (
				04F146F5214B5D0900D86EDB /* Debug */,
				04F146F6214B5D0900D86EDB /* Release */,
			);
			defaultConfigurationIsVisible = 0;
			defaultConfigurationName = Release;
		};
		04F146F7214B5D0900D86EDB /* Build configuration list for PBXNativeTarget "Buy&SellHouse" */ = {
			isa = XCConfigurationList;
			buildConfigurations = (
				04F146F8214B5D0900D86EDB /* Debug */,
				04F146F9214B5D0900D86EDB /* Release */,
			);
			defaultConfigurationIsVisible = 0;
			defaultConfigurationName = Release;
		};
/* End XCConfigurationList section */
	};
	rootObject = 04F146E8214B5D0900D86EDB /* Project object */;
}
