// !$*UTF8*$!
{
	archiveVersion = 1;
	classes = {
	};
	objectVersion = 50;
	objects = {

/* Begin PBXBuildFile section */
		0426653E21660EE900F6441E /* main.m in Sources */ = {isa = PBXBuildFile; fileRef = 0426653D21660EE900F6441E /* main.m */; };
		0426654621660F0A00F6441E /* Command.m in Sources */ = {isa = PBXBuildFile; fileRef = 0426654521660F0A00F6441E /* Command.m */; };
		0426654921660F2A00F6441E /* TV.m in Sources */ = {isa = PBXBuildFile; fileRef = 0426654821660F2A00F6441E /* TV.m */; };
		0426654C2166100D00F6441E /* UpCommand.m in Sources */ = {isa = PBXBuildFile; fileRef = 0426654B2166100D00F6441E /* UpCommand.m */; };
		0426654F2166102E00F6441E /* DownCommand.m in Sources */ = {isa = PBXBuildFile; fileRef = 0426654E2166102E00F6441E /* DownCommand.m */; };
		042665542166112900F6441E /* TVRemoteController.m in Sources */ = {isa = PBXBuildFile; fileRef = 042665532166112900F6441E /* TVRemoteController.m */; };
/* End PBXBuildFile section */

/* Begin PBXCopyFilesBuildPhase section */
		0426653821660EE900F6441E /* CopyFiles */ = {
			isa = PBXCopyFilesBuildPhase;
			buildActionMask = 2147483647;
			dstPath = /usr/share/man/man1/;
			dstSubfolderSpec = 0;
			files = (
			);
			runOnlyForDeploymentPostprocessing = 1;
		};
/* End PBXCopyFilesBuildPhase section */

/* Begin PBXFileReference section */
		0426653A21660EE900F6441E /* TVRemoteController */ = {isa = PBXFileReference; explicitFileType = "compiled.mach-o.executable"; includeInIndex = 0; path = TVRemoteController; sourceTree = BUILT_PRODUCTS_DIR; };
		0426653D21660EE900F6441E /* main.m */ = {isa = PBXFileReference; lastKnownFileType = sourcecode.c.objc; path = main.m; sourceTree = "<group>"; };
		0426654421660F0A00F6441E /* Command.h */ = {isa = PBXFileReference; lastKnownFileType = sourcecode.c.h; path = Command.h; sourceTree = "<group>"; };
		0426654521660F0A00F6441E /* Command.m */ = {isa = PBXFileReference; lastKnownFileType = sourcecode.c.objc; path = Command.m; sourceTree = "<group>"; };
		0426654721660F2A00F6441E /* TV.h */ = {isa = PBXFileReference; lastKnownFileType = sourcecode.c.h; path = TV.h; sourceTree = "<group>"; };
		0426654821660F2A00F6441E /* TV.m */ = {isa = PBXFileReference; lastKnownFileType = sourcecode.c.objc; path = TV.m; sourceTree = "<group>"; };
		0426654A2166100D00F6441E /* UpCommand.h */ = {isa = PBXFileReference; lastKnownFileType = sourcecode.c.h; path = UpCommand.h; sourceTree = "<group>"; };
		0426654B2166100D00F6441E /* UpCommand.m */ = {isa = PBXFileReference; lastKnownFileType = sourcecode.c.objc; path = UpCommand.m; sourceTree = "<group>"; };
		0426654D2166102E00F6441E /* DownCommand.h */ = {isa = PBXFileReference; lastKnownFileType = sourcecode.c.h; path = DownCommand.h; sourceTree = "<group>"; };
		0426654E2166102E00F6441E /* DownCommand.m */ = {isa = PBXFileReference; lastKnownFileType = sourcecode.c.objc; path = DownCommand.m; sourceTree = "<group>"; };
		042665522166112900F6441E /* TVRemoteController.h */ = {isa = PBXFileReference; lastKnownFileType = sourcecode.c.h; path = TVRemoteController.h; sourceTree = "<group>"; };
		042665532166112900F6441E /* TVRemoteController.m */ = {isa = PBXFileReference; lastKnownFileType = sourcecode.c.objc; path = TVRemoteController.m; sourceTree = "<group>"; };
/* End PBXFileReference section */

/* Begin PBXFrameworksBuildPhase section */
		0426653721660EE900F6441E /* Frameworks */ = {
			isa = PBXFrameworksBuildPhase;
			buildActionMask = 2147483647;
			files = (
			);
			runOnlyForDeploymentPostprocessing = 0;
		};
/* End PBXFrameworksBuildPhase section */

/* Begin PBXGroup section */
		0426653121660EE900F6441E = {
			isa = PBXGroup;
			children = (
				0426653C21660EE900F6441E /* TVRemoteController */,
				0426653B21660EE900F6441E /* Products */,
			);
			sourceTree = "<group>";
		};
		0426653B21660EE900F6441E /* Products */ = {
			isa = PBXGroup;
			children = (
				0426653A21660EE900F6441E /* TVRemoteController */,
			);
			name = Products;
			sourceTree = "<group>";
		};
		0426653C21660EE900F6441E /* TVRemoteController */ = {
			isa = PBXGroup;
			children = (
				042665512166110000F6441E /* Receiver */,
				04266550216610F400F6441E /* Command */,
				042665522166112900F6441E /* TVRemoteController.h */,
				042665532166112900F6441E /* TVRemoteController.m */,
				0426653D21660EE900F6441E /* main.m */,
			);
			path = TVRemoteController;
			sourceTree = "<group>";
		};
		04266550216610F400F6441E /* Command */ = {
			isa = PBXGroup;
			children = (
				0426654421660F0A00F6441E /* Command.h */,
				0426654521660F0A00F6441E /* Command.m */,
				0426654A2166100D00F6441E /* UpCommand.h */,
				0426654B2166100D00F6441E /* UpCommand.m */,
				0426654D2166102E00F6441E /* DownCommand.h */,
				0426654E2166102E00F6441E /* DownCommand.m */,
			);
			path = Command;
			sourceTree = "<group>";
		};
		042665512166110000F6441E /* Receiver */ = {
			isa = PBXGroup;
			children = (
				0426654721660F2A00F6441E /* TV.h */,
				0426654821660F2A00F6441E /* TV.m */,
			);
			path = Receiver;
			sourceTree = "<group>";
		};
/* End PBXGroup section */

/* Begin PBXNativeTarget section */
		0426653921660EE900F6441E /* TVRemoteController */ = {
			isa = PBXNativeTarget;
			buildConfigurationList = 0426654121660EE900F6441E /* Build configuration list for PBXNativeTarget "TVRemoteController" */;
			buildPhases = (
				0426653621660EE900F6441E /* Sources */,
				0426653721660EE900F6441E /* Frameworks */,
				0426653821660EE900F6441E /* CopyFiles */,
			);
			buildRules = (
			);
			dependencies = (
			);
			name = TVRemoteController;
			productName = TVRemoteController;
			productReference = 0426653A21660EE900F6441E /* TVRemoteController */;
			productType = "com.apple.product-type.tool";
		};
/* End PBXNativeTarget section */

/* Begin PBXProject section */
		0426653221660EE900F6441E /* Project object */ = {
			isa = PBXProject;
			attributes = {
				LastUpgradeCheck = 0940;
				ORGANIZATIONNAME = jiji;
				TargetAttributes = {
					0426653921660EE900F6441E = {
						CreatedOnToolsVersion = 9.4.1;
					};
				};
			};
			buildConfigurationList = 0426653521660EE900F6441E /* Build configuration list for PBXProject "TVRemoteController" */;
			compatibilityVersion = "Xcode 9.3";
			developmentRegion = en;
			hasScannedForEncodings = 0;
			knownRegions = (
				en,
			);
			mainGroup = 0426653121660EE900F6441E;
			productRefGroup = 0426653B21660EE900F6441E /* Products */;
			projectDirPath = "";
			projectRoot = "";
			targets = (
				0426653921660EE900F6441E /* TVRemoteController */,
			);
		};
/* End PBXProject section */

/* Begin PBXSourcesBuildPhase section */
		0426653621660EE900F6441E /* Sources */ = {
			isa = PBXSourcesBuildPhase;
			buildActionMask = 2147483647;
			files = (
				0426653E21660EE900F6441E /* main.m in Sources */,
				0426654F2166102E00F6441E /* DownCommand.m in Sources */,
				0426654621660F0A00F6441E /* Command.m in Sources */,
				0426654C2166100D00F6441E /* UpCommand.m in Sources */,
				0426654921660F2A00F6441E /* TV.m in Sources */,
				042665542166112900F6441E /* TVRemoteController.m in Sources */,
			);
			runOnlyForDeploymentPostprocessing = 0;
		};
/* End PBXSourcesBuildPhase section */

/* Begin XCBuildConfiguration section */
		0426653F21660EE900F6441E /* Debug */ = {
			isa = XCBuildConfiguration;
			buildSettings = {
				ALWAYS_SEARCH_USER_PATHS = NO;
				CLANG_ANALYZER_NONNULL = YES;
				CLANG_ANALYZER_NUMBER_OBJECT_CONVERSION = YES_AGGRESSIVE;
				CLANG_CXX_LANGUAGE_STANDARD = "gnu++14";
				CLANG_CXX_LIBRARY = "libc++";
				CLANG_ENABLE_MODULES = YES;
				CLANG_ENABLE_OBJC_ARC = YES;
				CLANG_ENABLE_OBJC_WEAK = YES;
				CLANG_WARN_BLOCK_CAPTURE_AUTORELEASING = YES;
				CLANG_WARN_BOOL_CONVERSION = YES;
				CLANG_WARN_COMMA = YES;
				CLANG_WARN_CONSTANT_CONVERSION = YES;
				CLANG_WARN_DEPRECATED_OBJC_IMPLEMENTATIONS = YES;
				CLANG_WARN_DIRECT_OBJC_ISA_USAGE = YES_ERROR;
				CLANG_WARN_DOCUMENTATION_COMMENTS = YES;
				CLANG_WARN_EMPTY_BODY = YES;
				CLANG_WARN_ENUM_CONVERSION = YES;
				CLANG_WARN_INFINITE_RECURSION = YES;
				CLANG_WARN_INT_CONVERSION = YES;
				CLANG_WARN_NON_LITERAL_NULL_CONVERSION = YES;
				CLANG_WARN_OBJC_IMPLICIT_RETAIN_SELF = YES;
				CLANG_WARN_OBJC_LITERAL_CONVERSION = YES;
				CLANG_WARN_OBJC_ROOT_CLASS = YES_ERROR;
				CLANG_WARN_RANGE_LOOP_ANALYSIS = YES;
				CLANG_WARN_STRICT_PROTOTYPES = YES;
				CLANG_WARN_SUSPICIOUS_MOVE = YES;
				CLANG_WARN_UNGUARDED_AVAILABILITY = YES_AGGRESSIVE;
				CLANG_WARN_UNREACHABLE_CODE = YES;
				CLANG_WARN__DUPLICATE_METHOD_MATCH = YES;
				CODE_SIGN_IDENTITY = "Mac Developer";
				COPY_PHASE_STRIP = NO;
				DEBUG_INFORMATION_FORMAT = dwarf;
				ENABLE_STRICT_OBJC_MSGSEND = YES;
				ENABLE_TESTABILITY = YES;
				GCC_C_LANGUAGE_STANDARD = gnu11;
				GCC_DYNAMIC_NO_PIC = NO;
				GCC_NO_COMMON_BLOCKS = YES;
				GCC_OPTIMIZATION_LEVEL = 0;
				GCC_PREPROCESSOR_DEFINITIONS = (
					"DEBUG=1",
					"$(inherited)",
				);
				GCC_WARN_64_TO_32_BIT_CONVERSION = YES;
				GCC_WARN_ABOUT_RETURN_TYPE = YES_ERROR;
				GCC_WARN_UNDECLARED_SELECTOR = YES;
				GCC_WARN_UNINITIALIZED_AUTOS = YES_AGGRESSIVE;
				GCC_WARN_UNUSED_FUNCTION = YES;
				GCC_WARN_UNUSED_VARIABLE = YES;
				MACOSX_DEPLOYMENT_TARGET = 10.13;
				MTL_ENABLE_DEBUG_INFO = YES;
				ONLY_ACTIVE_ARCH = YES;
				SDKROOT = macosx;
			};
			name = Debug;
		};
		0426654021660EE900F6441E /* Release */ = {
			isa = XCBuildConfiguration;
			buildSettings = {
				ALWAYS_SEARCH_USER_PATHS = NO;
				CLANG_ANALYZER_NONNULL = YES;
				CLANG_ANALYZER_NUMBER_OBJECT_CONVERSION = YES_AGGRESSIVE;
				CLANG_CXX_LANGUAGE_STANDARD = "gnu++14";
				CLANG_CXX_LIBRARY = "libc++";
				CLANG_ENABLE_MODULES = YES;
				CLANG_ENABLE_OBJC_ARC = YES;
				CLANG_ENABLE_OBJC_WEAK = YES;
				CLANG_WARN_BLOCK_CAPTURE_AUTORELEASING = YES;
				CLANG_WARN_BOOL_CONVERSION = YES;
				CLANG_WARN_COMMA = YES;
				CLANG_WARN_CONSTANT_CONVERSION = YES;
				CLANG_WARN_DEPRECATED_OBJC_IMPLEMENTATIONS = YES;
				CLANG_WARN_DIRECT_OBJC_ISA_USAGE = YES_ERROR;
				CLANG_WARN_DOCUMENTATION_COMMENTS = YES;
				CLANG_WARN_EMPTY_BODY = YES;
				CLANG_WARN_ENUM_CONVERSION = YES;
				CLANG_WARN_INFINITE_RECURSION = YES;
				CLANG_WARN_INT_CONVERSION = YES;
				CLANG_WARN_NON_LITERAL_NULL_CONVERSION = YES;
				CLANG_WARN_OBJC_IMPLICIT_RETAIN_SELF = YES;
				CLANG_WARN_OBJC_LITERAL_CONVERSION = YES;
				CLANG_WARN_OBJC_ROOT_CLASS = YES_ERROR;
				CLANG_WARN_RANGE_LOOP_ANALYSIS = YES;
				CLANG_WARN_STRICT_PROTOTYPES = YES;
				CLANG_WARN_SUSPICIOUS_MOVE = YES;
				CLANG_WARN_UNGUARDED_AVAILABILITY = YES_AGGRESSIVE;
				CLANG_WARN_UNREACHABLE_CODE = YES;
				CLANG_WARN__DUPLICATE_METHOD_MATCH = YES;
				CODE_SIGN_IDENTITY = "Mac Developer";
				COPY_PHASE_STRIP = NO;
				DEBUG_INFORMATION_FORMAT = "dwarf-with-dsym";
				ENABLE_NS_ASSERTIONS = NO;
				ENABLE_STRICT_OBJC_MSGSEND = YES;
				GCC_C_LANGUAGE_STANDARD = gnu11;
				GCC_NO_COMMON_BLOCKS = YES;
				GCC_WARN_64_TO_32_BIT_CONVERSION = YES;
				GCC_WARN_ABOUT_RETURN_TYPE = YES_ERROR;
				GCC_WARN_UNDECLARED_SELECTOR = YES;
				GCC_WARN_UNINITIALIZED_AUTOS = YES_AGGRESSIVE;
				GCC_WARN_UNUSED_FUNCTION = YES;
				GCC_WARN_UNUSED_VARIABLE = YES;
				MACOSX_DEPLOYMENT_TARGET = 10.13;
				MTL_ENABLE_DEBUG_INFO = NO;
				SDKROOT = macosx;
			};
			name = Release;
		};
		0426654221660EE900F6441E /* Debug */ = {
			isa = XCBuildConfiguration;
			buildSettings = {
				CODE_SIGN_STYLE = Automatic;
				DEVELOPMENT_TEAM = 8NH253YJV6;
				PRODUCT_NAME = "$(TARGET_NAME)";
			};
			name = Debug;
		};
		0426654321660EE900F6441E /* Release */ = {
			isa = XCBuildConfiguration;
			buildSettings = {
				CODE_SIGN_STYLE = Automatic;
				DEVELOPMENT_TEAM = 8NH253YJV6;
				PRODUCT_NAME = "$(TARGET_NAME)";
			};
			name = Release;
		};
/* End XCBuildConfiguration section */

/* Begin XCConfigurationList section */
		0426653521660EE900F6441E /* Build configuration list for PBXProject "TVRemoteController" */ = {
			isa = XCConfigurationList;
			buildConfigurations = (
				0426653F21660EE900F6441E /* Debug */,
				0426654021660EE900F6441E /* Release */,
			);
			defaultConfigurationIsVisible = 0;
			defaultConfigurationName = Release;
		};
		0426654121660EE900F6441E /* Build configuration list for PBXNativeTarget "TVRemoteController" */ = {
			isa = XCConfigurationList;
			buildConfigurations = (
				0426654221660EE900F6441E /* Debug */,
				0426654321660EE900F6441E /* Release */,
			);
			defaultConfigurationIsVisible = 0;
			defaultConfigurationName = Release;
		};
/* End XCConfigurationList section */
	};
	rootObject = 0426653221660EE900F6441E /* Project object */;
}
